
Microsoft Visual Studio Solution File, Format Version 12.00
# Visual Studio 14
VisualStudioVersion = 14.0.25123.0
MinimumVisualStudioVersion = 10.0.40219.1
Project("{FAE04EC0-301F-11D3-BF4B-00C04F79EFBC}") = "Probel.Mvvm.UnitTest", "Probel.Mvvm.UnitTest\Probel.Mvvm.UnitTest.csproj", "{1A9A3D30-9A2C-463A-9512-B734D2519910}"
EndProject
Project("{FAE04EC0-301F-11D3-BF4B-00C04F79EFBC}") = "Probel.Mvvm.GuiTest", "Probel.Mvvm.GuiTest\Probel.Mvvm.GuiTest.csproj", "{B8C21CC6-FB56-4BA5-B6C2-35C755E39E15}"
EndProject
Project("{FAE04EC0-301F-11D3-BF4B-00C04F79EFBC}") = "Probel.Mvvm.Gui", "Probel.Mvvm.Gui\Probel.Mvvm.Gui.csproj", "{B0173F18-38D1-4337-B931-683E6D76BC3C}"
EndProject
Project("{2150E333-8FDC-42A3-9474-1A3956D46DE8}") = ".global", ".global", "{5BD526D0-FE6D-4FC4-9426-0F2CD18FE79B}"
	ProjectSection(SolutionItems) = preProject
		..\tools\deploy.nuget.ps1 = ..\tools\deploy.nuget.ps1
		Version.cs = Version.cs
		..\tools\Version.template.txt = ..\tools\Version.template.txt
	EndProjectSection
EndProject
Project("{FAE04EC0-301F-11D3-BF4B-00C04F79EFBC}") = "Probel.Mvvm.Toolkit", "Probel.Mvvm.Toolkit\Probel.Mvvm.Toolkit.csproj", "{BCAEF510-75FE-4110-AFBE-A5E100AE1F0D}"
EndProject
Project("{2150E333-8FDC-42A3-9474-1A3956D46DE8}") = "Libraries", "Libraries", "{CE9C8896-B8BA-4169-B6CD-BCEF1457CE51}"
EndProject
Project("{2150E333-8FDC-42A3-9474-1A3956D46DE8}") = "Testing", "Testing", "{505FC232-2AA1-4734-8E0C-4A612423AA12}"
EndProject
Global
	GlobalSection(SolutionConfigurationPlatforms) = preSolution
		Debug|Any CPU = Debug|Any CPU
		Release|Any CPU = Release|Any CPU
	EndGlobalSection
	GlobalSection(ProjectConfigurationPlatforms) = postSolution
		{1A9A3D30-9A2C-463A-9512-B734D2519910}.Debug|Any CPU.ActiveCfg = Debug|Any CPU
		{1A9A3D30-9A2C-463A-9512-B734D2519910}.Debug|Any CPU.Build.0 = Debug|Any CPU
		{1A9A3D30-9A2C-463A-9512-B734D2519910}.Release|Any CPU.ActiveCfg = Release|Any CPU
		{1A9A3D30-9A2C-463A-9512-B734D2519910}.Release|Any CPU.Build.0 = Release|Any CPU
		{B8C21CC6-FB56-4BA5-B6C2-35C755E39E15}.Debug|Any CPU.ActiveCfg = Debug|Any CPU
		{B8C21CC6-FB56-4BA5-B6C2-35C755E39E15}.Debug|Any CPU.Build.0 = Debug|Any CPU
		{B8C21CC6-FB56-4BA5-B6C2-35C755E39E15}.Release|Any CPU.ActiveCfg = Release|Any CPU
		{B8C21CC6-FB56-4BA5-B6C2-35C755E39E15}.Release|Any CPU.Build.0 = Release|Any CPU
		{B0173F18-38D1-4337-B931-683E6D76BC3C}.Debug|Any CPU.ActiveCfg = Debug|Any CPU
		{B0173F18-38D1-4337-B931-683E6D76BC3C}.Debug|Any CPU.Build.0 = Debug|Any CPU
		{B0173F18-38D1-4337-B931-683E6D76BC3C}.Release|Any CPU.ActiveCfg = Release|Any CPU
		{B0173F18-38D1-4337-B931-683E6D76BC3C}.Release|Any CPU.Build.0 = Release|Any CPU
		{BCAEF510-75FE-4110-AFBE-A5E100AE1F0D}.Debug|Any CPU.ActiveCfg = Debug|Any CPU
		{BCAEF510-75FE-4110-AFBE-A5E100AE1F0D}.Debug|Any CPU.Build.0 = Debug|Any CPU
		{BCAEF510-75FE-4110-AFBE-A5E100AE1F0D}.Release|Any CPU.ActiveCfg = Release|Any CPU
		{BCAEF510-75FE-4110-AFBE-A5E100AE1F0D}.Release|Any CPU.Build.0 = Release|Any CPU
	EndGlobalSection
	GlobalSection(SolutionProperties) = preSolution
		HideSolutionNode = FALSE
	EndGlobalSection
	GlobalSection(NestedProjects) = preSolution
		{1A9A3D30-9A2C-463A-9512-B734D2519910} = {505FC232-2AA1-4734-8E0C-4A612423AA12}
		{B8C21CC6-FB56-4BA5-B6C2-35C755E39E15} = {505FC232-2AA1-4734-8E0C-4A612423AA12}
		{B0173F18-38D1-4337-B931-683E6D76BC3C} = {CE9C8896-B8BA-4169-B6CD-BCEF1457CE51}
		{BCAEF510-75FE-4110-AFBE-A5E100AE1F0D} = {CE9C8896-B8BA-4169-B6CD-BCEF1457CE51}
	EndGlobalSection
EndGlobal
